{
  "name": "fe_demo",
  "lockfileVersion": 2,
  "requires": true,
  "packages": {
    "": {
      "dependencies": {
        "text-metrics": "^4.0.1"
      }
    },
    "node_modules/text-metrics": {
      "version": "4.0.1",
      "resolved": "https://registry.anpm.alibaba-inc.com/text-metrics/-/text-metrics-4.0.1.tgz",
      "integrity": "sha512-6M2cwpMVgbV8fmiT7p8jNQKn2LFzau4O6He2f2LPOeOlT60Co5c9u3xuI0xYi/B25u0T1pdTBqJqcYpfZXHWdQ==",
      "engines": {
        "node": ">= 12"
      }
    }
  },
  "dependencies": {
    "text-metrics": {
      "version": "4.0.1",
      "resolved": "https://registry.anpm.alibaba-inc.com/text-metrics/-/text-metrics-4.0.1.tgz",
      "integrity": "sha512-6M2cwpMVgbV8fmiT7p8jNQKn2LFzau4O6He2f2LPOeOlT60Co5c9u3xuI0xYi/B25u0T1pdTBqJqcYpfZXHWdQ=="
    }
  }
}
